
Microsoft Visual Studio Solution File, Format Version 12.00
# Visual Studio Version 16
VisualStudioVersion = 16.0.29609.76
MinimumVisualStudioVersion = 10.0.40219.1
Project("{2150E333-8FDC-42A3-9474-1A3956D46DE8}") = "Client", "Client", "{459FF0F8-2CBC-4611-A5BB-A7ADF5667F1F}"
EndProject
Project("{9A19103F-16F7-4668-BE54-9A1E7A4F7556}") = "WebApi", "WebApi\WebApi.csproj", "{98D4C0DE-7937-4B2E-9A4A-1F14983F41E1}"
EndProject
Project("{9A19103F-16F7-4668-BE54-9A1E7A4F7556}") = "WebApi-2", "WebApi-2\WebApi-2.csproj", "{0A535CBD-3F8E-4408-96FD-BCA71DB50848}"
EndProject
Global
	GlobalSection(SolutionConfigurationPlatforms) = preSolution
		Debug|Any CPU = Debug|Any CPU
		Release|Any CPU = Release|Any CPU
	EndGlobalSection
	GlobalSection(ProjectConfigurationPlatforms) = postSolution
		{98D4C0DE-7937-4B2E-9A4A-1F14983F41E1}.Debug|Any CPU.ActiveCfg = Debug|Any CPU
		{98D4C0DE-7937-4B2E-9A4A-1F14983F41E1}.Debug|Any CPU.Build.0 = Debug|Any CPU
		{98D4C0DE-7937-4B2E-9A4A-1F14983F41E1}.Release|Any CPU.ActiveCfg = Release|Any CPU
		{98D4C0DE-7937-4B2E-9A4A-1F14983F41E1}.Release|Any CPU.Build.0 = Release|Any CPU
		{0A535CBD-3F8E-4408-96FD-BCA71DB50848}.Debug|Any CPU.ActiveCfg = Debug|Any CPU
		{0A535CBD-3F8E-4408-96FD-BCA71DB50848}.Debug|Any CPU.Build.0 = Debug|Any CPU
		{0A535CBD-3F8E-4408-96FD-BCA71DB50848}.Release|Any CPU.ActiveCfg = Release|Any CPU
		{0A535CBD-3F8E-4408-96FD-BCA71DB50848}.Release|Any CPU.Build.0 = Release|Any CPU
	EndGlobalSection
	GlobalSection(SolutionProperties) = preSolution
		HideSolutionNode = FALSE
	EndGlobalSection
	GlobalSection(NestedProjects) = preSolution
		{98D4C0DE-7937-4B2E-9A4A-1F14983F41E1} = {459FF0F8-2CBC-4611-A5BB-A7ADF5667F1F}
		{0A535CBD-3F8E-4408-96FD-BCA71DB50848} = {459FF0F8-2CBC-4611-A5BB-A7ADF5667F1F}
	EndGlobalSection
	GlobalSection(ExtensibilityGlobals) = postSolution
		SolutionGuid = {889023AE-F965-4B23-8580-F8A4132EB8C7}
	EndGlobalSection
EndGlobal
